
Microsoft Visual Studio Solution File, Format Version 12.00
# Visual Studio Version 17
VisualStudioVersion = 17.4.33213.308
MinimumVisualStudioVersion = 10.0.40219.1
Project("{8BC9CEB8-8B4A-11D0-8D11-00A0C91BC942}") = "Sandbox", "Sandbox\Sandbox.vcxproj", "{3B9A0729-BC32-4CAA-900C-07F71CB1FA6E}"
EndProject
Project("{8BC9CEB8-8B4A-11D0-8D11-00A0C91BC942}") = "Ultimate", "Ultimate\Ultimate.vcxproj", "{808B7FF7-4C0C-4438-A62A-338A9B9186E8}"
EndProject
Global
	GlobalSection(SolutionConfigurationPlatforms) = preSolution
		Debug|x64 = Debug|x64
		Release|x64 = Release|x64
	EndGlobalSection
	GlobalSection(ProjectConfigurationPlatforms) = postSolution
		{808B7FF7-4C0C-4438-A62A-338A9B9186E8}.Debug|x64.ActiveCfg = Debug|x64
		{808B7FF7-4C0C-4438-A62A-338A9B9186E8}.Debug|x64.Build.0 = Debug|x64
		{808B7FF7-4C0C-4438-A62A-338A9B9186E8}.Release|x64.ActiveCfg = Release|x64
		{808B7FF7-4C0C-4438-A62A-338A9B9186E8}.Release|x64.Build.0 = Release|x64
		{3B9A0729-BC32-4CAA-900C-07F71CB1FA6E}.Debug|x64.ActiveCfg = Debug|x64
		{3B9A0729-BC32-4CAA-900C-07F71CB1FA6E}.Debug|x64.Build.0 = Debug|x64
		{3B9A0729-BC32-4CAA-900C-07F71CB1FA6E}.Release|x64.ActiveCfg = Release|x64
		{3B9A0729-BC32-4CAA-900C-07F71CB1FA6E}.Release|x64.Build.0 = Release|x64
	EndGlobalSection
	GlobalSection(SolutionProperties) = preSolution
		HideSolutionNode = FALSE
	EndGlobalSection
	GlobalSection(ExtensibilityGlobals) = postSolution
		SolutionGuid = {1194C485-1C03-4FBC-B16C-D1E6CE06B07E}
	EndGlobalSection
EndGlobal
