<?xml version="1.0" encoding="utf-8"?>
<Project ToolsVersion="4.0" xmlns="http://schemas.microsoft.com/developer/msbuild/2003">
  <ItemGroup>
    <Filter Include="Ultimate">
      <UniqueIdentifier>{4A81607D-364E-BB88-5F67-A9304B93F016}</UniqueIdentifier>
    </Filter>
    <Filter Include="Ultimate\Events">
      <UniqueIdentifier>{EE9522F4-5A21-90B8-6332-13ADCF3CECB8}</UniqueIdentifier>
    </Filter>
  </ItemGroup>
  <ItemGroup>
    <ClInclude Include="src\Ultimate.h" />
    <ClInclude Include="src\Ultimate\Application.h">
      <Filter>Ultimate</Filter>
    </ClInclude>
    <ClInclude Include="src\Ultimate\Core.h">
      <Filter>Ultimate</Filter>
    </ClInclude>
    <ClInclude Include="src\Ultimate\EntryPoint.h">
      <Filter>Ultimate</Filter>
    </ClInclude>
    <ClInclude Include="src\Ultimate\Events\ApplicationEvent.h">
      <Filter>Ultimate\Events</Filter>
    </ClInclude>
    <ClInclude Include="src\Ultimate\Events\Event.h">
      <Filter>Ultimate\Events</Filter>
    </ClInclude>
    <ClInclude Include="src\Ultimate\Events\KeyEvent.h">
      <Filter>Ultimate\Events</Filter>
    </ClInclude>
    <ClInclude Include="src\Ultimate\Events\MouseEvent.h">
      <Filter>Ultimate\Events</Filter>
    </ClInclude>
    <ClInclude Include="src\Ultimate\Log.h">
      <Filter>Ultimate</Filter>
    </ClInclude>
  </ItemGroup>
  <ItemGroup>
    <ClCompile Include="src\Ultimate\Application.cpp">
      <Filter>Ultimate</Filter>
    </ClCompile>
    <ClCompile Include="src\Ultimate\Log.cpp">
      <Filter>Ultimate</Filter>
    </ClCompile>
  </ItemGroup>
</Project>